<?xml version="1.0" encoding="utf-8"?>
<Project ToolsVersion="4.0" xmlns="http://schemas.microsoft.com/developer/msbuild/2003">
  <ItemGroup>
    <Filter Include="Source Files">
      <UniqueIdentifier>{4FC737F1-C7A5-4376-A066-2A32D752A2FF}</UniqueIdentifier>
      <Extensions>cpp;cxx;c;def</Extensions>
    </Filter>
    <Filter Include="Header Files">
      <UniqueIdentifier>{93995380-89BD-4b04-88EB-625FBE52EBFB}</UniqueIdentifier>
      <Extensions>h</Extensions>
    </Filter>
    <Filter Include="Form Files">
      <UniqueIdentifier>{99349809-55BA-4b9d-BF79-8FDBB0286EB3}</UniqueIdentifier>
      <Extensions>ui</Extensions>
    </Filter>
    <Filter Include="Resource Files">
      <UniqueIdentifier>{D9D6E242-F8AF-46E4-B9FD-80ECBC20BA3E}</UniqueIdentifier>
      <Extensions>qrc;*</Extensions>
      <ParseFiles>false</ParseFiles>
    </Filter>
    <Filter Include="Generated Files">
      <UniqueIdentifier>{71ED8ED8-ACB9-4CE9-BBE1-E00B30144E11}</UniqueIdentifier>
      <Extensions>moc;h;cpp</Extensions>
      <SourceControlFiles>False</SourceControlFiles>
    </Filter>
    <Filter Include="Generated Files\Debug">
      <UniqueIdentifier>{7375fd4f-7e7a-4c29-b3d8-6d4753bc4c5d}</UniqueIdentifier>
      <Extensions>cpp;moc</Extensions>
      <SourceControlFiles>False</SourceControlFiles>
    </Filter>
    <Filter Include="Generated Files\Release">
      <UniqueIdentifier>{d41d7fb9-0c0d-4816-8a50-0528b48aaf9d}</UniqueIdentifier>
      <Extensions>cpp;moc</Extensions>
      <SourceControlFiles>False</SourceControlFiles>
    </Filter>
    <Filter Include="Source Files\特征跟踪器">
      <UniqueIdentifier>{6eb4d83a-4c27-4c23-b8eb-6a5dc427f318}</UniqueIdentifier>
    </Filter>
    <Filter Include="Source Files\cv::Mat与QImage转换">
      <UniqueIdentifier>{3acf607b-a7b8-4911-a2e0-477e93ef15bd}</UniqueIdentifier>
    </Filter>
  </ItemGroup>
  <ItemGroup>
    <ClCompile Include="main.cpp">
      <Filter>Source Files</Filter>
    </ClCompile>
    <ClCompile Include="trackeronbovwwindow.cpp">
      <Filter>Source Files</Filter>
    </ClCompile>
    <ClCompile Include="GeneratedFiles\Debug\moc_trackeronbovwwindow.cpp">
      <Filter>Generated Files\Debug</Filter>
    </ClCompile>
    <ClCompile Include="GeneratedFiles\Release\moc_trackeronbovwwindow.cpp">
      <Filter>Generated Files\Release</Filter>
    </ClCompile>
    <ClCompile Include="GeneratedFiles\qrc_trackeronbovwwindow.cpp">
      <Filter>Generated Files</Filter>
    </ClCompile>
    <ClCompile Include="widgetpainter.cpp">
      <Filter>Source Files</Filter>
    </ClCompile>
    <ClCompile Include="GeneratedFiles\Debug\moc_widgetpainter.cpp">
      <Filter>Generated Files\Debug</Filter>
    </ClCompile>
    <ClCompile Include="GeneratedFiles\Release\moc_widgetpainter.cpp">
      <Filter>Generated Files\Release</Filter>
    </ClCompile>
    <ClCompile Include="source\cvMatQImageTrans.cpp">
      <Filter>Source Files\cv::Mat与QImage转换</Filter>
    </ClCompile>
    <ClCompile Include="source\基于概率的位姿变化估计与误匹配剔除\leastSquaresAndNewton.cpp">
      <Filter>Source Files\特征跟踪器</Filter>
    </ClCompile>
    <ClCompile Include="source\基于概率的位姿变化估计与误匹配剔除\poseEstimateKickOutpoint.cpp">
      <Filter>Source Files\特征跟踪器</Filter>
    </ClCompile>
    <ClCompile Include="source\基于BoVW特征跟踪的目标跟踪\TrackerOnBoVW.cpp">
      <Filter>Source Files\特征跟踪器</Filter>
    </ClCompile>
    <ClCompile Include="source\单词化特征跟踪\BoVWFeatureTracker.cpp">
      <Filter>Source Files\特征跟踪器</Filter>
    </ClCompile>
    <ClCompile Include="source\BoVW训练类\TrainBoVWofFeature.cpp">
      <Filter>Source Files\特征跟踪器</Filter>
    </ClCompile>
    <ClCompile Include="stdafx.cpp">
      <Filter>Source Files</Filter>
    </ClCompile>
  </ItemGroup>
  <ItemGroup>
    <CustomBuild Include="trackeronbovwwindow.h">
      <Filter>Header Files</Filter>
    </CustomBuild>
    <CustomBuild Include="trackeronbovwwindow.ui">
      <Filter>Form Files</Filter>
    </CustomBuild>
    <CustomBuild Include="trackeronbovwwindow.qrc">
      <Filter>Resource Files</Filter>
    </CustomBuild>
    <CustomBuild Include="widgetpainter.h">
      <Filter>Header Files</Filter>
    </CustomBuild>
  </ItemGroup>
  <ItemGroup>
    <ClInclude Include="GeneratedFiles\ui_trackeronbovwwindow.h">
      <Filter>Generated Files</Filter>
    </ClInclude>
    <ClInclude Include="source\cvMatQImageTrans.h">
      <Filter>Source Files\cv::Mat与QImage转换</Filter>
    </ClInclude>
    <ClInclude Include="source\BoVW训练类\TrainBoVWofFeature.h">
      <Filter>Header Files</Filter>
    </ClInclude>
    <ClInclude Include="source\单词化特征跟踪\BoVWFeatureTracker.h">
      <Filter>Header Files</Filter>
    </ClInclude>
    <ClInclude Include="source\基于BoVW特征跟踪的目标跟踪\TrackerOnBoVW.h">
      <Filter>Header Files</Filter>
    </ClInclude>
    <ClInclude Include="source\基于概率的位姿变化估计与误匹配剔除\leastSquaresAndNewton.h">
      <Filter>Header Files</Filter>
    </ClInclude>
    <ClInclude Include="source\基于概率的位姿变化估计与误匹配剔除\poseEstimateKickOutpoint.h">
      <Filter>Header Files</Filter>
    </ClInclude>
    <ClInclude Include="stdafx.h">
      <Filter>Header Files</Filter>
    </ClInclude>
  </ItemGroup>
  <ItemGroup>
    <ResourceCompile Include="temp.rc" />
  </ItemGroup>
</Project>